
Microsoft Visual Studio Solution File, Format Version 12.00
# Visual Studio Version 16
VisualStudioVersion = 16.0.31829.152
MinimumVisualStudioVersion = 10.0.40219.1
Project("{9A19103F-16F7-4668-BE54-9A1E7A4F7556}") = "Task1", "Task1.csproj", "{C23480E3-2A91-480F-9B6D-8FD8F65CEA19}"
EndProject
Global
	GlobalSection(SolutionConfigurationPlatforms) = preSolution
		Debug|Any CPU = Debug|Any CPU
		Release|Any CPU = Release|Any CPU
	EndGlobalSection
	GlobalSection(ProjectConfigurationPlatforms) = postSolution
		{C23480E3-2A91-480F-9B6D-8FD8F65CEA19}.Debug|Any CPU.ActiveCfg = Debug|Any CPU
		{C23480E3-2A91-480F-9B6D-8FD8F65CEA19}.Debug|Any CPU.Build.0 = Debug|Any CPU
		{C23480E3-2A91-480F-9B6D-8FD8F65CEA19}.Release|Any CPU.ActiveCfg = Release|Any CPU
		{C23480E3-2A91-480F-9B6D-8FD8F65CEA19}.Release|Any CPU.Build.0 = Release|Any CPU
	EndGlobalSection
	GlobalSection(SolutionProperties) = preSolution
		HideSolutionNode = FALSE
	EndGlobalSection
	GlobalSection(ExtensibilityGlobals) = postSolution
		SolutionGuid = {F215277F-FFCF-46DA-900B-3B055D30B61F}
	EndGlobalSection
EndGlobal
